{
    "_readme": [
        "This file locks the dependencies of your project to a known state",
        "Read more about it at https://getcomposer.org/doc/01-basic-usage.md#composer-lock-the-lock-file",
        "This file is @generated automatically"
    ],
    "hash": "30f32bf73ae3148650e45eb35123d18c",
    "content-hash": "0381eae50f97ce5434a7d1830dd5d2a0",
    "packages": [
        {
            "name": "agelxnash/jevix",
            "version": "1.2.4",
            "source": {
                "type": "git",
                "url": "https://github.com/AgelxNash/Jevix.git",
                "reference": "c37170e3d60f357ee1087adde89df7fd938fdb8b"
            },
            "dist": {
                "type": "zip",
                "url": "https://api.github.com/repos/AgelxNash/Jevix/zipball/c37170e3d60f357ee1087adde89df7fd938fdb8b",
                "reference": "c37170e3d60f357ee1087adde89df7fd938fdb8b",
                "shasum": ""
            },
            "require": {
                "ext-mbstring": "*"
            },
            "type": "library",
            "autoload": {
                "files": [
                    "src/functions.php"
                ],
                "psr-0": {
                    "Jevix": "src/"
                }
            },
            "notification-url": "https://packagist.org/downloads/",
            "license": [
                "MIT"
            ],
            "authors": [
                {
                    "name": "Roman Shamritskiy",
                    "email": "roman@litgroup.ru"
                },
                {
                    "name": "ur001"
                },
                {
                    "name": "livestreet framework"
                },
                {
                    "name": "Bezumkin"
                },
                {
                    "name": "Evgeniy Borisov",
                    "email": "agel-nash@mail.ru"
                }
            ],
            "description": "Library for html filtering",
            "time": "2019-03-29 12:26:55"
        },
        {
            "name": "imagine/imagine",
            "version": "1.2.2",
            "source": {
                "type": "git",
                "url": "https://github.com/avalanche123/Imagine.git",
                "reference": "eec39b2092bc8008a92b8d63824476413dbe7511"
            },
            "dist": {
                "type": "zip",
                "url": "https://api.github.com/repos/avalanche123/Imagine/zipball/eec39b2092bc8008a92b8d63824476413dbe7511",
                "reference": "eec39b2092bc8008a92b8d63824476413dbe7511",
                "shasum": ""
            },
            "require": {
                "php": ">=5.3.2"
            },
            "require-dev": {
                "friendsofphp/php-cs-fixer": "2.2.*",
                "phpunit/phpunit": "^4.8 || ^5.7 || ^6.5 || ^7.4"
            },
            "suggest": {
                "ext-gd": "to use the GD implementation",
                "ext-gmagick": "to use the Gmagick implementation",
                "ext-imagick": "to use the Imagick implementation"
            },
            "type": "library",
            "extra": {
                "branch-alias": {
                    "dev-develop": "0.7-dev"
                }
            },
            "autoload": {
                "psr-4": {
                    "Imagine\\": "src/"
                }
            },
            "notification-url": "https://packagist.org/downloads/",
            "license": [
                "MIT"
            ],
            "authors": [
                {
                    "name": "Bulat Shakirzyanov",
                    "email": "mallluhuct@gmail.com",
                    "homepage": "http://avalanche123.com"
                }
            ],
            "description": "Image processing for PHP 5.3",
            "homepage": "http://imagine.readthedocs.org/",
            "keywords": [
                "drawing",
                "graphics",
                "image manipulation",
                "image processing"
            ],
            "time": "2019-07-09 06:55:48"
        },
        {
            "name": "livestreet/dbsimple",
            "version": "dev-master",
            "source": {
                "type": "git",
                "url": "https://github.com/olezhikz/DbSimple.git",
                "reference": "c333fba100e73ebd5e0df42a69061ba324818f02"
            },
            "dist": {
                "type": "zip",
                "url": "https://api.github.com/repos/olezhikz/DbSimple/zipball/c333fba100e73ebd5e0df42a69061ba324818f02",
                "reference": "c333fba100e73ebd5e0df42a69061ba324818f02",
                "shasum": ""
            },
            "require": {
                "php": ">=5.6"
            },
            "type": "library",
            "autoload": {
                "psr-4": {
                    "": "src/"
                }
            },
            "notification-url": "https://packagist.org/downloads/",
            "license": [
                "LGPL-2.0-only"
            ],
            "authors": [
                {
                    "name": "Dmitry Koterov",
                    "email": "dmitry.koterov@gmail.com"
                },
                {
                    "name": "Sergey Bondarenko",
                    "email": "s.bondarenko@ambalus.ru"
                }
            ],
            "description": "Interface to work with various DBs.",
            "keywords": [
                "Simple",
                "db"
            ],
            "time": "2019-07-20 18:31:16"
        },
        {
            "name": "livestreet/smarty",
            "version": "dev-master",
            "source": {
                "type": "git",
                "url": "https://github.com/olezhikz/smarty.git",
                "reference": "07697ea07a949c5497aab5be7ff8dcb13b4b0f1f"
            },
            "dist": {
                "type": "zip",
                "url": "https://api.github.com/repos/olezhikz/smarty/zipball/07697ea07a949c5497aab5be7ff8dcb13b4b0f1f",
                "reference": "07697ea07a949c5497aab5be7ff8dcb13b4b0f1f",
                "shasum": ""
            },
            "require": {
                "php": ">=5.2"
            },
            "require-dev": {
                "phpunit/phpunit": "6.4.1"
            },
            "type": "library",
            "extra": {
                "branch-alias": {
                    "dev-master": "3.1.x-dev"
                }
            },
            "autoload": {
                "classmap": [
                    "libs/"
                ]
            },
            "notification-url": "https://packagist.org/downloads/",
            "license": [
                "LGPL-3.0"
            ],
            "authors": [
                {
                    "name": "Monte Ohrt",
                    "email": "monte@ohrt.com"
                },
                {
                    "name": "Uwe Tews",
                    "email": "uwe.tews@googlemail.com"
                },
                {
                    "name": "Rodney Rehm",
                    "email": "rodney.rehm@medialize.de"
                }
            ],
            "description": "Smarty - the compiling PHP template engine",
            "homepage": "http://www.smarty.net",
            "keywords": [
                "templating"
            ],
            "time": "2019-06-13 08:39:17"
        },
        {
            "name": "maximebf/consolekit",
            "version": "1.0.3",
            "source": {
                "type": "git",
                "url": "https://github.com/maximebf/ConsoleKit.git",
                "reference": "c46403e2cf98e8413168c523bdbb7c13a386abe5"
            },
            "dist": {
                "type": "zip",
                "url": "https://api.github.com/repos/maximebf/ConsoleKit/zipball/c46403e2cf98e8413168c523bdbb7c13a386abe5",
                "reference": "c46403e2cf98e8413168c523bdbb7c13a386abe5",
                "shasum": ""
            },
            "require": {
                "php": ">=5.3.0"
            },
            "type": "library",
            "autoload": {
                "psr-0": {
                    "ConsoleKit": "src/"
                }
            },
            "notification-url": "https://packagist.org/downloads/",
            "license": [
                "MIT"
            ],
            "authors": [
                {
                    "name": "Maxime Bouroumeau-Fuseau",
                    "email": "maxime.bouroumeau@gmail.com",
                    "homepage": "http://maximebf.com"
                }
            ],
            "description": "Library to create command line utilities",
            "homepage": "https://github.com/maximebf/ConsoleKit",
            "keywords": [
                "cli",
                "commands",
                "console",
                "shell"
            ],
            "time": "2013-01-01 16:03:55"
        },
        {
            "name": "monolog/monolog",
            "version": "1.24.0",
            "source": {
                "type": "git",
                "url": "https://github.com/Seldaek/monolog.git",
                "reference": "bfc9ebb28f97e7a24c45bdc3f0ff482e47bb0266"
            },
            "dist": {
                "type": "zip",
                "url": "https://api.github.com/repos/Seldaek/monolog/zipball/bfc9ebb28f97e7a24c45bdc3f0ff482e47bb0266",
                "reference": "bfc9ebb28f97e7a24c45bdc3f0ff482e47bb0266",
                "shasum": ""
            },
            "require": {
                "php": ">=5.3.0",
                "psr/log": "~1.0"
            },
            "provide": {
                "psr/log-implementation": "1.0.0"
            },
            "require-dev": {
                "aws/aws-sdk-php": "^2.4.9 || ^3.0",
                "doctrine/couchdb": "~1.0@dev",
                "graylog2/gelf-php": "~1.0",
                "jakub-onderka/php-parallel-lint": "0.9",
                "php-amqplib/php-amqplib": "~2.4",
                "php-console/php-console": "^3.1.3",
                "phpunit/phpunit": "~4.5",
                "phpunit/phpunit-mock-objects": "2.3.0",
                "ruflin/elastica": ">=0.90 <3.0",
                "sentry/sentry": "^0.13",
                "swiftmailer/swiftmailer": "^5.3|^6.0"
            },
            "suggest": {
                "aws/aws-sdk-php": "Allow sending log messages to AWS services like DynamoDB",
                "doctrine/couchdb": "Allow sending log messages to a CouchDB server",
                "ext-amqp": "Allow sending log messages to an AMQP server (1.0+ required)",
                "ext-mongo": "Allow sending log messages to a MongoDB server",
                "graylog2/gelf-php": "Allow sending log messages to a GrayLog2 server",
                "mongodb/mongodb": "Allow sending log messages to a MongoDB server via PHP Driver",
                "php-amqplib/php-amqplib": "Allow sending log messages to an AMQP server using php-amqplib",
                "php-console/php-console": "Allow sending log messages to Google Chrome",
                "rollbar/rollbar": "Allow sending log messages to Rollbar",
                "ruflin/elastica": "Allow sending log messages to an Elastic Search server",
                "sentry/sentry": "Allow sending log messages to a Sentry server"
            },
            "type": "library",
            "extra": {
                "branch-alias": {
                    "dev-master": "2.0.x-dev"
                }
            },
            "autoload": {
                "psr-4": {
                    "Monolog\\": "src/Monolog"
                }
            },
            "notification-url": "https://packagist.org/downloads/",
            "license": [
                "MIT"
            ],
            "authors": [
                {
                    "name": "Jordi Boggiano",
                    "email": "j.boggiano@seld.be",
                    "homepage": "http://seld.be"
                }
            ],
            "description": "Sends your logs to files, sockets, inboxes, databases and various web services",
            "homepage": "http://github.com/Seldaek/monolog",
            "keywords": [
                "log",
                "logging",
                "psr-3"
            ],
            "time": "2018-11-05 09:00:11"
        },
        {
            "name": "patchwork/jsqueeze",
            "version": "v2.0.5",
            "source": {
                "type": "git",
                "url": "https://github.com/tchwork/jsqueeze.git",
                "reference": "693d64850eab2ce6a7c8f7cf547e1ab46e69d542"
            },
            "dist": {
                "type": "zip",
                "url": "https://api.github.com/repos/tchwork/jsqueeze/zipball/693d64850eab2ce6a7c8f7cf547e1ab46e69d542",
                "reference": "693d64850eab2ce6a7c8f7cf547e1ab46e69d542",
                "shasum": ""
            },
            "require": {
                "php": ">=5.3.0"
            },
            "type": "library",
            "extra": {
                "branch-alias": {
                    "dev-master": "2.0-dev"
                }
            },
            "autoload": {
                "psr-4": {
                    "Patchwork\\": "src/"
                }
            },
            "notification-url": "https://packagist.org/downloads/",
            "license": [
                "(Apache-2.0 or GPL-2.0)"
            ],
            "authors": [
                {
                    "name": "Nicolas Grekas",
                    "email": "p@tchwork.com"
                }
            ],
            "description": "Efficient JavaScript minification in PHP",
            "homepage": "https://github.com/tchwork/jsqueeze",
            "keywords": [
                "compression",
                "javascript",
                "minification"
            ],
            "time": "2016-04-19 09:28:22"
        },
        {
            "name": "psr/log",
            "version": "1.1.0",
            "source": {
                "type": "git",
                "url": "https://github.com/php-fig/log.git",
                "reference": "6c001f1daafa3a3ac1d8ff69ee4db8e799a654dd"
            },
            "dist": {
                "type": "zip",
                "url": "https://api.github.com/repos/php-fig/log/zipball/6c001f1daafa3a3ac1d8ff69ee4db8e799a654dd",
                "reference": "6c001f1daafa3a3ac1d8ff69ee4db8e799a654dd",
                "shasum": ""
            },
            "require": {
                "php": ">=5.3.0"
            },
            "type": "library",
            "extra": {
                "branch-alias": {
                    "dev-master": "1.0.x-dev"
                }
            },
            "autoload": {
                "psr-4": {
                    "Psr\\Log\\": "Psr/Log/"
                }
            },
            "notification-url": "https://packagist.org/downloads/",
            "license": [
                "MIT"
            ],
            "authors": [
                {
                    "name": "PHP-FIG",
                    "homepage": "http://www.php-fig.org/"
                }
            ],
            "description": "Common interface for logging libraries",
            "homepage": "https://github.com/php-fig/log",
            "keywords": [
                "log",
                "psr",
                "psr-3"
            ],
            "time": "2018-11-20 15:27:04"
        },
        {
            "name": "web-monster/dklabcache",
            "version": "1.0.0",
            "source": {
                "type": "git",
                "url": "https://github.com/web-monster/dklabcache.git",
                "reference": "a0f11462b3a287016f2317c83d7fee2e6ddb22fe"
            },
            "dist": {
                "type": "zip",
                "url": "https://api.github.com/repos/web-monster/dklabcache/zipball/a0f11462b3a287016f2317c83d7fee2e6ddb22fe",
                "reference": "a0f11462b3a287016f2317c83d7fee2e6ddb22fe",
                "shasum": ""
            },
            "type": "library",
            "autoload": {
                "classmap": [
                    "Cache/Backend/",
                    "Zend/",
                    "Zend/Cache/",
                    "Zend/Cache/Backend/"
                ]
            },
            "notification-url": "https://packagist.org/downloads/",
            "license": [
                "MIT"
            ],
            "authors": [
                {
                    "name": "dk",
                    "role": "Author"
                },
                {
                    "name": "Dmitry Stepanenko",
                    "role": "Maintainer"
                }
            ],
            "description": "Dklabcache for composer",
            "keywords": [
                "cache",
                "caching",
                "file-system",
                "redis",
                "system"
            ],
            "time": "2016-05-23 22:47:44"
        },
        {
            "name": "xxtea/xxtea",
            "version": "v1.0.2",
            "source": {
                "type": "git",
                "url": "https://github.com/xxtea/xxtea-php.git",
                "reference": "3906dd28e4d18b6434095c5057f550d10d6c3324"
            },
            "dist": {
                "type": "zip",
                "url": "https://api.github.com/repos/xxtea/xxtea-php/zipball/3906dd28e4d18b6434095c5057f550d10d6c3324",
                "reference": "3906dd28e4d18b6434095c5057f550d10d6c3324",
                "shasum": ""
            },
            "require": {
                "php": ">=5.2.0"
            },
            "require-dev": {
                "phpunit/phpunit": ">=4.0.0"
            },
            "type": "library",
            "autoload": {
                "files": [
                    "xxtea.php"
                ]
            },
            "notification-url": "https://packagist.org/downloads/",
            "license": [
                "MIT"
            ],
            "authors": [
                {
                    "name": "Ma Bingyao",
                    "email": "mabingyao@gmail.com",
                    "homepage": "https://github.com/xxtea/xxtea-php",
                    "role": "Developer"
                }
            ],
            "description": "XXTEA is a fast and secure encryption algorithm. This is a XXTEA library for PHP.",
            "homepage": "https://github.com/xxtea/xxtea-php",
            "keywords": [
                "crypt",
                "cryptography",
                "decrypt",
                "encrypt",
                "library",
                "security",
                "xxtea"
            ],
            "time": "2016-03-02 15:39:42"
        }
    ],
    "packages-dev": [],
    "aliases": [],
    "minimum-stability": "stable",
    "stability-flags": {
        "livestreet/smarty": 20,
        "livestreet/dbsimple": 20
    },
    "prefer-stable": false,
    "prefer-lowest": false,
    "platform": [],
    "platform-dev": []
}
